
Microsoft Visual Studio Solution File, Format Version 12.00
# Visual Studio 2013
VisualStudioVersion = 12.0.40629.0
MinimumVisualStudioVersion = 10.0.40219.1
Project("{8BC9CEB8-8B4A-11D0-8D11-00A0C91BC942}") = "facedetect_gpu", "facedetect_gpu.vcxproj", "{AECBBE88-B4CA-4D09-B073-F67A8D744016}"
EndProject
Global
	GlobalSection(SolutionConfigurationPlatforms) = preSolution
		Debug|Win32 = Debug|Win32
		Release|Win32 = Release|Win32
	EndGlobalSection
	GlobalSection(ProjectConfigurationPlatforms) = postSolution
		{AECBBE88-B4CA-4D09-B073-F67A8D744016}.Debug|Win32.ActiveCfg = Debug|Win32
		{AECBBE88-B4CA-4D09-B073-F67A8D744016}.Debug|Win32.Build.0 = Debug|Win32
		{AECBBE88-B4CA-4D09-B073-F67A8D744016}.Release|Win32.ActiveCfg = Release|Win32
		{AECBBE88-B4CA-4D09-B073-F67A8D744016}.Release|Win32.Build.0 = Release|Win32
	EndGlobalSection
	GlobalSection(SolutionProperties) = preSolution
		HideSolutionNode = FALSE
	EndGlobalSection
EndGlobal
